
Microsoft Visual Studio Solution File, Format Version 12.00
# Visual Studio 15
VisualStudioVersion = 15.0.28307.329
MinimumVisualStudioVersion = 10.0.40219.1
Project("{9A19103F-16F7-4668-BE54-9A1E7A4F7556}") = "LibraryData", "LibraryData\LibraryData.csproj", "{244242FB-0FDE-4D6E-B63F-AA75FC1704D7}"
EndProject
Project("{9A19103F-16F7-4668-BE54-9A1E7A4F7556}") = "LibraryServices", "LibraryServices\LibraryServices.csproj", "{063ECA8B-FAD2-4CE3-B9C6-4337B46F5E6E}"
EndProject
Project("{9A19103F-16F7-4668-BE54-9A1E7A4F7556}") = "Library", "LibraryProject\Library.csproj", "{65BD3B51-BA7D-4D6D-99F5-1653AEDA9D60}"
EndProject
Global
	GlobalSection(SolutionConfigurationPlatforms) = preSolution
		Debug|Any CPU = Debug|Any CPU
		Release|Any CPU = Release|Any CPU
	EndGlobalSection
	GlobalSection(ProjectConfigurationPlatforms) = postSolution
		{244242FB-0FDE-4D6E-B63F-AA75FC1704D7}.Debug|Any CPU.ActiveCfg = Debug|Any CPU
		{244242FB-0FDE-4D6E-B63F-AA75FC1704D7}.Debug|Any CPU.Build.0 = Debug|Any CPU
		{244242FB-0FDE-4D6E-B63F-AA75FC1704D7}.Release|Any CPU.ActiveCfg = Release|Any CPU
		{244242FB-0FDE-4D6E-B63F-AA75FC1704D7}.Release|Any CPU.Build.0 = Release|Any CPU
		{063ECA8B-FAD2-4CE3-B9C6-4337B46F5E6E}.Debug|Any CPU.ActiveCfg = Debug|Any CPU
		{063ECA8B-FAD2-4CE3-B9C6-4337B46F5E6E}.Debug|Any CPU.Build.0 = Debug|Any CPU
		{063ECA8B-FAD2-4CE3-B9C6-4337B46F5E6E}.Release|Any CPU.ActiveCfg = Release|Any CPU
		{063ECA8B-FAD2-4CE3-B9C6-4337B46F5E6E}.Release|Any CPU.Build.0 = Release|Any CPU
		{65BD3B51-BA7D-4D6D-99F5-1653AEDA9D60}.Debug|Any CPU.ActiveCfg = Debug|Any CPU
		{65BD3B51-BA7D-4D6D-99F5-1653AEDA9D60}.Debug|Any CPU.Build.0 = Debug|Any CPU
		{65BD3B51-BA7D-4D6D-99F5-1653AEDA9D60}.Release|Any CPU.ActiveCfg = Release|Any CPU
		{65BD3B51-BA7D-4D6D-99F5-1653AEDA9D60}.Release|Any CPU.Build.0 = Release|Any CPU
	EndGlobalSection
	GlobalSection(SolutionProperties) = preSolution
		HideSolutionNode = FALSE
	EndGlobalSection
	GlobalSection(ExtensibilityGlobals) = postSolution
		SolutionGuid = {D90B14B1-DBC6-49FD-81D7-7BCC2DB9F079}
	EndGlobalSection
EndGlobal
